// !$*UTF8*$!
{
	archiveVersion = 1;
	classes = {
	};
	objectVersion = 46;
	objects = {

/* Begin PBXBuildFile section */
		CDE5FA5B1D33354E00D827A1 /* Fraction.m in Sources */ = {isa = PBXBuildFile; fileRef = CDE5FA591D33354E00D827A1 /* Fraction.m */; };
		CDE5FA5C1D33354E00D827A1 /* main.m in Sources */ = {isa = PBXBuildFile; fileRef = CDE5FA5A1D33354E00D827A1 /* main.m */; };
/* End PBXBuildFile section */

/* Begin PBXCopyFilesBuildPhase section */
		CDE5FA4C1D33350C00D827A1 /* CopyFiles */ = {
			isa = PBXCopyFilesBuildPhase;
			buildActionMask = 2147483647;
			dstPath = /usr/share/man/man1/;
			dstSubfolderSpec = 0;
			files = (
			);
			runOnlyForDeploymentPostprocessing = 1;
		};
/* End PBXCopyFilesBuildPhase section */

/* Begin PBXFileReference section */
		CDE5FA4E1D33350C00D827A1 /* 29-点运算访问属性 */ = {isa = PBXFileReference; explicitFileType = "compiled.mach-o.executable"; includeInIndex = 0; path = "29-点运算访问属性"; sourceTree = BUILT_PRODUCTS_DIR; };
		CDE5FA581D33354E00D827A1 /* Fraction.h */ = {isa = PBXFileReference; fileEncoding = 4; lastKnownFileType = sourcecode.c.h; name = Fraction.h; path = "../../28-分离接口和实现文件/28-分离接口和实现文件/Fraction.h"; sourceTree = "<group>"; };
		CDE5FA591D33354E00D827A1 /* Fraction.m */ = {isa = PBXFileReference; fileEncoding = 4; lastKnownFileType = sourcecode.c.objc; name = Fraction.m; path = "../../28-分离接口和实现文件/28-分离接口和实现文件/Fraction.m"; sourceTree = "<group>"; };
		CDE5FA5A1D33354E00D827A1 /* main.m */ = {isa = PBXFileReference; fileEncoding = 4; lastKnownFileType = sourcecode.c.objc; name = main.m; path = "../../28-分离接口和实现文件/28-分离接口和实现文件/main.m"; sourceTree = "<group>"; };
/* End PBXFileReference section */

/* Begin PBXFrameworksBuildPhase section */
		CDE5FA4B1D33350C00D827A1 /* Frameworks */ = {
			isa = PBXFrameworksBuildPhase;
			buildActionMask = 2147483647;
			files = (
			);
			runOnlyForDeploymentPostprocessing = 0;
		};
/* End PBXFrameworksBuildPhase section */

/* Begin PBXGroup section */
		CDE5FA451D33350A00D827A1 = {
			isa = PBXGroup;
			children = (
				CDE5FA501D33350C00D827A1 /* 29-点运算访问属性 */,
				CDE5FA4F1D33350C00D827A1 /* Products */,
			);
			sourceTree = "<group>";
		};
		CDE5FA4F1D33350C00D827A1 /* Products */ = {
			isa = PBXGroup;
			children = (
				CDE5FA4E1D33350C00D827A1 /* 29-点运算访问属性 */,
			);
			name = Products;
			sourceTree = "<group>";
		};
		CDE5FA501D33350C00D827A1 /* 29-点运算访问属性 */ = {
			isa = PBXGroup;
			children = (
				CDE5FA581D33354E00D827A1 /* Fraction.h */,
				CDE5FA591D33354E00D827A1 /* Fraction.m */,
				CDE5FA5A1D33354E00D827A1 /* main.m */,
			);
			path = "29-点运算访问属性";
			sourceTree = "<group>";
		};
/* End PBXGroup section */

/* Begin PBXNativeTarget section */
		CDE5FA4D1D33350C00D827A1 /* 29-点运算访问属性 */ = {
			isa = PBXNativeTarget;
			buildConfigurationList = CDE5FA551D33350C00D827A1 /* Build configuration list for PBXNativeTarget "29-点运算访问属性" */;
			buildPhases = (
				CDE5FA4A1D33350C00D827A1 /* Sources */,
				CDE5FA4B1D33350C00D827A1 /* Frameworks */,
				CDE5FA4C1D33350C00D827A1 /* CopyFiles */,
			);
			buildRules = (
			);
			dependencies = (
			);
			name = "29-点运算访问属性";
			productName = "29-点运算访问属性";
			productReference = CDE5FA4E1D33350C00D827A1 /* 29-点运算访问属性 */;
			productType = "com.apple.product-type.tool";
		};
/* End PBXNativeTarget section */

/* Begin PBXProject section */
		CDE5FA461D33350B00D827A1 /* Project object */ = {
			isa = PBXProject;
			attributes = {
				LastUpgradeCheck = 0720;
				ORGANIZATIONNAME = lwb;
				TargetAttributes = {
					CDE5FA4D1D33350C00D827A1 = {
						CreatedOnToolsVersion = 7.2.1;
					};
				};
			};
			buildConfigurationList = CDE5FA491D33350B00D827A1 /* Build configuration list for PBXProject "29-点运算访问属性" */;
			compatibilityVersion = "Xcode 3.2";
			developmentRegion = English;
			hasScannedForEncodings = 0;
			knownRegions = (
				en,
			);
			mainGroup = CDE5FA451D33350A00D827A1;
			productRefGroup = CDE5FA4F1D33350C00D827A1 /* Products */;
			projectDirPath = "";
			projectRoot = "";
			targets = (
				CDE5FA4D1D33350C00D827A1 /* 29-点运算访问属性 */,
			);
		};
/* End PBXProject section */

/* Begin PBXSourcesBuildPhase section */
		CDE5FA4A1D33350C00D827A1 /* Sources */ = {
			isa = PBXSourcesBuildPhase;
			buildActionMask = 2147483647;
			files = (
				CDE5FA5C1D33354E00D827A1 /* main.m in Sources */,
				CDE5FA5B1D33354E00D827A1 /* Fraction.m in Sources */,
			);
			runOnlyForDeploymentPostprocessing = 0;
		};
/* End PBXSourcesBuildPhase section */

/* Begin XCBuildConfiguration section */
		CDE5FA531D33350C00D827A1 /* Debug */ = {
			isa = XCBuildConfiguration;
			buildSettings = {
				ALWAYS_SEARCH_USER_PATHS = NO;
				CLANG_CXX_LANGUAGE_STANDARD = "gnu++0x";
				CLANG_CXX_LIBRARY = "libc++";
				CLANG_ENABLE_MODULES = YES;
				CLANG_ENABLE_OBJC_ARC = YES;
				CLANG_WARN_BOOL_CONVERSION = YES;
				CLANG_WARN_CONSTANT_CONVERSION = YES;
				CLANG_WARN_DIRECT_OBJC_ISA_USAGE = YES_ERROR;
				CLANG_WARN_EMPTY_BODY = YES;
				CLANG_WARN_ENUM_CONVERSION = YES;
				CLANG_WARN_INT_CONVERSION = YES;
				CLANG_WARN_OBJC_ROOT_CLASS = YES_ERROR;
				CLANG_WARN_UNREACHABLE_CODE = YES;
				CLANG_WARN__DUPLICATE_METHOD_MATCH = YES;
				CODE_SIGN_IDENTITY = "-";
				COPY_PHASE_STRIP = NO;
				DEBUG_INFORMATION_FORMAT = dwarf;
				ENABLE_STRICT_OBJC_MSGSEND = YES;
				ENABLE_TESTABILITY = YES;
				GCC_C_LANGUAGE_STANDARD = gnu99;
				GCC_DYNAMIC_NO_PIC = NO;
				GCC_NO_COMMON_BLOCKS = YES;
				GCC_OPTIMIZATION_LEVEL = 0;
				GCC_PREPROCESSOR_DEFINITIONS = (
					"DEBUG=1",
					"$(inherited)",
				);
				GCC_WARN_64_TO_32_BIT_CONVERSION = YES;
				GCC_WARN_ABOUT_RETURN_TYPE = YES_ERROR;
				GCC_WARN_UNDECLARED_SELECTOR = YES;
				GCC_WARN_UNINITIALIZED_AUTOS = YES_AGGRESSIVE;
				GCC_WARN_UNUSED_FUNCTION = YES;
				GCC_WARN_UNUSED_VARIABLE = YES;
				MACOSX_DEPLOYMENT_TARGET = 10.10;
				MTL_ENABLE_DEBUG_INFO = YES;
				ONLY_ACTIVE_ARCH = YES;
				SDKROOT = macosx;
			};
			name = Debug;
		};
		CDE5FA541D33350C00D827A1 /* Release */ = {
			isa = XCBuildConfiguration;
			buildSettings = {
				ALWAYS_SEARCH_USER_PATHS = NO;
				CLANG_CXX_LANGUAGE_STANDARD = "gnu++0x";
				CLANG_CXX_LIBRARY = "libc++";
				CLANG_ENABLE_MODULES = YES;
				CLANG_ENABLE_OBJC_ARC = YES;
				CLANG_WARN_BOOL_CONVERSION = YES;
				CLANG_WARN_CONSTANT_CONVERSION = YES;
				CLANG_WARN_DIRECT_OBJC_ISA_USAGE = YES_ERROR;
				CLANG_WARN_EMPTY_BODY = YES;
				CLANG_WARN_ENUM_CONVERSION = YES;
				CLANG_WARN_INT_CONVERSION = YES;
				CLANG_WARN_OBJC_ROOT_CLASS = YES_ERROR;
				CLANG_WARN_UNREACHABLE_CODE = YES;
				CLANG_WARN__DUPLICATE_METHOD_MATCH = YES;
				CODE_SIGN_IDENTITY = "-";
				COPY_PHASE_STRIP = NO;
				DEBUG_INFORMATION_FORMAT = "dwarf-with-dsym";
				ENABLE_NS_ASSERTIONS = NO;
				ENABLE_STRICT_OBJC_MSGSEND = YES;
				GCC_C_LANGUAGE_STANDARD = gnu99;
				GCC_NO_COMMON_BLOCKS = YES;
				GCC_WARN_64_TO_32_BIT_CONVERSION = YES;
				GCC_WARN_ABOUT_RETURN_TYPE = YES_ERROR;
				GCC_WARN_UNDECLARED_SELECTOR = YES;
				GCC_WARN_UNINITIALIZED_AUTOS = YES_AGGRESSIVE;
				GCC_WARN_UNUSED_FUNCTION = YES;
				GCC_WARN_UNUSED_VARIABLE = YES;
				MACOSX_DEPLOYMENT_TARGET = 10.10;
				MTL_ENABLE_DEBUG_INFO = NO;
				SDKROOT = macosx;
			};
			name = Release;
		};
		CDE5FA561D33350C00D827A1 /* Debug */ = {
			isa = XCBuildConfiguration;
			buildSettings = {
				PRODUCT_NAME = "$(TARGET_NAME)";
			};
			name = Debug;
		};
		CDE5FA571D33350C00D827A1 /* Release */ = {
			isa = XCBuildConfiguration;
			buildSettings = {
				PRODUCT_NAME = "$(TARGET_NAME)";
			};
			name = Release;
		};
/* End XCBuildConfiguration section */

/* Begin XCConfigurationList section */
		CDE5FA491D33350B00D827A1 /* Build configuration list for PBXProject "29-点运算访问属性" */ = {
			isa = XCConfigurationList;
			buildConfigurations = (
				CDE5FA531D33350C00D827A1 /* Debug */,
				CDE5FA541D33350C00D827A1 /* Release */,
			);
			defaultConfigurationIsVisible = 0;
			defaultConfigurationName = Release;
		};
		CDE5FA551D33350C00D827A1 /* Build configuration list for PBXNativeTarget "29-点运算访问属性" */ = {
			isa = XCConfigurationList;
			buildConfigurations = (
				CDE5FA561D33350C00D827A1 /* Debug */,
				CDE5FA571D33350C00D827A1 /* Release */,
			);
			defaultConfigurationIsVisible = 0;
		};
/* End XCConfigurationList section */
	};
	rootObject = CDE5FA461D33350B00D827A1 /* Project object */;
}
