// !$*UTF8*$!
{
	archiveVersion = 1;
	classes = {
	};
	objectVersion = 46;
	objects = {

/* Begin PBXBuildFile section */
		CDAC78B11D3322D900AD510B /* Fraction.m in Sources */ = {isa = PBXBuildFile; fileRef = CDAC78AF1D3322D900AD510B /* Fraction.m */; };
		CDAC78B21D3322D900AD510B /* main.m in Sources */ = {isa = PBXBuildFile; fileRef = CDAC78B01D3322D900AD510B /* main.m */; };
/* End PBXBuildFile section */

/* Begin PBXCopyFilesBuildPhase section */
		CDAC78A21D33228600AD510B /* CopyFiles */ = {
			isa = PBXCopyFilesBuildPhase;
			buildActionMask = 2147483647;
			dstPath = /usr/share/man/man1/;
			dstSubfolderSpec = 0;
			files = (
			);
			runOnlyForDeploymentPostprocessing = 1;
		};
/* End PBXCopyFilesBuildPhase section */

/* Begin PBXFileReference section */
		CDAC78A41D33228600AD510B /* 29-自动生成存取方法 */ = {isa = PBXFileReference; explicitFileType = "compiled.mach-o.executable"; includeInIndex = 0; path = "29-自动生成存取方法"; sourceTree = BUILT_PRODUCTS_DIR; };
		CDAC78AE1D3322D900AD510B /* Fraction.h */ = {isa = PBXFileReference; fileEncoding = 4; lastKnownFileType = sourcecode.c.h; name = Fraction.h; path = "../../28-分离接口和实现文件/28-分离接口和实现文件/Fraction.h"; sourceTree = "<group>"; };
		CDAC78AF1D3322D900AD510B /* Fraction.m */ = {isa = PBXFileReference; fileEncoding = 4; lastKnownFileType = sourcecode.c.objc; name = Fraction.m; path = "../../28-分离接口和实现文件/28-分离接口和实现文件/Fraction.m"; sourceTree = "<group>"; };
		CDAC78B01D3322D900AD510B /* main.m */ = {isa = PBXFileReference; fileEncoding = 4; lastKnownFileType = sourcecode.c.objc; name = main.m; path = "../../28-分离接口和实现文件/28-分离接口和实现文件/main.m"; sourceTree = "<group>"; };
/* End PBXFileReference section */

/* Begin PBXFrameworksBuildPhase section */
		CDAC78A11D33228600AD510B /* Frameworks */ = {
			isa = PBXFrameworksBuildPhase;
			buildActionMask = 2147483647;
			files = (
			);
			runOnlyForDeploymentPostprocessing = 0;
		};
/* End PBXFrameworksBuildPhase section */

/* Begin PBXGroup section */
		CDAC789B1D33228400AD510B = {
			isa = PBXGroup;
			children = (
				CDAC78A61D33228600AD510B /* 29-自动生成存取方法 */,
				CDAC78A51D33228600AD510B /* Products */,
			);
			sourceTree = "<group>";
		};
		CDAC78A51D33228600AD510B /* Products */ = {
			isa = PBXGroup;
			children = (
				CDAC78A41D33228600AD510B /* 29-自动生成存取方法 */,
			);
			name = Products;
			sourceTree = "<group>";
		};
		CDAC78A61D33228600AD510B /* 29-自动生成存取方法 */ = {
			isa = PBXGroup;
			children = (
				CDAC78AE1D3322D900AD510B /* Fraction.h */,
				CDAC78AF1D3322D900AD510B /* Fraction.m */,
				CDAC78B01D3322D900AD510B /* main.m */,
			);
			path = "29-自动生成存取方法";
			sourceTree = "<group>";
		};
/* End PBXGroup section */

/* Begin PBXNativeTarget section */
		CDAC78A31D33228600AD510B /* 29-自动生成存取方法 */ = {
			isa = PBXNativeTarget;
			buildConfigurationList = CDAC78AB1D33228600AD510B /* Build configuration list for PBXNativeTarget "29-自动生成存取方法" */;
			buildPhases = (
				CDAC78A01D33228600AD510B /* Sources */,
				CDAC78A11D33228600AD510B /* Frameworks */,
				CDAC78A21D33228600AD510B /* CopyFiles */,
			);
			buildRules = (
			);
			dependencies = (
			);
			name = "29-自动生成存取方法";
			productName = "29-自动生成存取方法";
			productReference = CDAC78A41D33228600AD510B /* 29-自动生成存取方法 */;
			productType = "com.apple.product-type.tool";
		};
/* End PBXNativeTarget section */

/* Begin PBXProject section */
		CDAC789C1D33228400AD510B /* Project object */ = {
			isa = PBXProject;
			attributes = {
				LastUpgradeCheck = 0720;
				ORGANIZATIONNAME = lwb;
				TargetAttributes = {
					CDAC78A31D33228600AD510B = {
						CreatedOnToolsVersion = 7.2.1;
					};
				};
			};
			buildConfigurationList = CDAC789F1D33228400AD510B /* Build configuration list for PBXProject "29-自动生成存取方法" */;
			compatibilityVersion = "Xcode 3.2";
			developmentRegion = English;
			hasScannedForEncodings = 0;
			knownRegions = (
				en,
			);
			mainGroup = CDAC789B1D33228400AD510B;
			productRefGroup = CDAC78A51D33228600AD510B /* Products */;
			projectDirPath = "";
			projectRoot = "";
			targets = (
				CDAC78A31D33228600AD510B /* 29-自动生成存取方法 */,
			);
		};
/* End PBXProject section */

/* Begin PBXSourcesBuildPhase section */
		CDAC78A01D33228600AD510B /* Sources */ = {
			isa = PBXSourcesBuildPhase;
			buildActionMask = 2147483647;
			files = (
				CDAC78B21D3322D900AD510B /* main.m in Sources */,
				CDAC78B11D3322D900AD510B /* Fraction.m in Sources */,
			);
			runOnlyForDeploymentPostprocessing = 0;
		};
/* End PBXSourcesBuildPhase section */

/* Begin XCBuildConfiguration section */
		CDAC78A91D33228600AD510B /* Debug */ = {
			isa = XCBuildConfiguration;
			buildSettings = {
				ALWAYS_SEARCH_USER_PATHS = NO;
				CLANG_CXX_LANGUAGE_STANDARD = "gnu++0x";
				CLANG_CXX_LIBRARY = "libc++";
				CLANG_ENABLE_MODULES = YES;
				CLANG_ENABLE_OBJC_ARC = YES;
				CLANG_WARN_BOOL_CONVERSION = YES;
				CLANG_WARN_CONSTANT_CONVERSION = YES;
				CLANG_WARN_DIRECT_OBJC_ISA_USAGE = YES_ERROR;
				CLANG_WARN_EMPTY_BODY = YES;
				CLANG_WARN_ENUM_CONVERSION = YES;
				CLANG_WARN_INT_CONVERSION = YES;
				CLANG_WARN_OBJC_ROOT_CLASS = YES_ERROR;
				CLANG_WARN_UNREACHABLE_CODE = YES;
				CLANG_WARN__DUPLICATE_METHOD_MATCH = YES;
				CODE_SIGN_IDENTITY = "-";
				COPY_PHASE_STRIP = NO;
				DEBUG_INFORMATION_FORMAT = dwarf;
				ENABLE_STRICT_OBJC_MSGSEND = YES;
				ENABLE_TESTABILITY = YES;
				GCC_C_LANGUAGE_STANDARD = gnu99;
				GCC_DYNAMIC_NO_PIC = NO;
				GCC_NO_COMMON_BLOCKS = YES;
				GCC_OPTIMIZATION_LEVEL = 0;
				GCC_PREPROCESSOR_DEFINITIONS = (
					"DEBUG=1",
					"$(inherited)",
				);
				GCC_WARN_64_TO_32_BIT_CONVERSION = YES;
				GCC_WARN_ABOUT_RETURN_TYPE = YES_ERROR;
				GCC_WARN_UNDECLARED_SELECTOR = YES;
				GCC_WARN_UNINITIALIZED_AUTOS = YES_AGGRESSIVE;
				GCC_WARN_UNUSED_FUNCTION = YES;
				GCC_WARN_UNUSED_VARIABLE = YES;
				MACOSX_DEPLOYMENT_TARGET = 10.10;
				MTL_ENABLE_DEBUG_INFO = YES;
				ONLY_ACTIVE_ARCH = YES;
				SDKROOT = macosx;
			};
			name = Debug;
		};
		CDAC78AA1D33228600AD510B /* Release */ = {
			isa = XCBuildConfiguration;
			buildSettings = {
				ALWAYS_SEARCH_USER_PATHS = NO;
				CLANG_CXX_LANGUAGE_STANDARD = "gnu++0x";
				CLANG_CXX_LIBRARY = "libc++";
				CLANG_ENABLE_MODULES = YES;
				CLANG_ENABLE_OBJC_ARC = YES;
				CLANG_WARN_BOOL_CONVERSION = YES;
				CLANG_WARN_CONSTANT_CONVERSION = YES;
				CLANG_WARN_DIRECT_OBJC_ISA_USAGE = YES_ERROR;
				CLANG_WARN_EMPTY_BODY = YES;
				CLANG_WARN_ENUM_CONVERSION = YES;
				CLANG_WARN_INT_CONVERSION = YES;
				CLANG_WARN_OBJC_ROOT_CLASS = YES_ERROR;
				CLANG_WARN_UNREACHABLE_CODE = YES;
				CLANG_WARN__DUPLICATE_METHOD_MATCH = YES;
				CODE_SIGN_IDENTITY = "-";
				COPY_PHASE_STRIP = NO;
				DEBUG_INFORMATION_FORMAT = "dwarf-with-dsym";
				ENABLE_NS_ASSERTIONS = NO;
				ENABLE_STRICT_OBJC_MSGSEND = YES;
				GCC_C_LANGUAGE_STANDARD = gnu99;
				GCC_NO_COMMON_BLOCKS = YES;
				GCC_WARN_64_TO_32_BIT_CONVERSION = YES;
				GCC_WARN_ABOUT_RETURN_TYPE = YES_ERROR;
				GCC_WARN_UNDECLARED_SELECTOR = YES;
				GCC_WARN_UNINITIALIZED_AUTOS = YES_AGGRESSIVE;
				GCC_WARN_UNUSED_FUNCTION = YES;
				GCC_WARN_UNUSED_VARIABLE = YES;
				MACOSX_DEPLOYMENT_TARGET = 10.10;
				MTL_ENABLE_DEBUG_INFO = NO;
				SDKROOT = macosx;
			};
			name = Release;
		};
		CDAC78AC1D33228600AD510B /* Debug */ = {
			isa = XCBuildConfiguration;
			buildSettings = {
				PRODUCT_NAME = "$(TARGET_NAME)";
			};
			name = Debug;
		};
		CDAC78AD1D33228600AD510B /* Release */ = {
			isa = XCBuildConfiguration;
			buildSettings = {
				PRODUCT_NAME = "$(TARGET_NAME)";
			};
			name = Release;
		};
/* End XCBuildConfiguration section */

/* Begin XCConfigurationList section */
		CDAC789F1D33228400AD510B /* Build configuration list for PBXProject "29-自动生成存取方法" */ = {
			isa = XCConfigurationList;
			buildConfigurations = (
				CDAC78A91D33228600AD510B /* Debug */,
				CDAC78AA1D33228600AD510B /* Release */,
			);
			defaultConfigurationIsVisible = 0;
			defaultConfigurationName = Release;
		};
		CDAC78AB1D33228600AD510B /* Build configuration list for PBXNativeTarget "29-自动生成存取方法" */ = {
			isa = XCConfigurationList;
			buildConfigurations = (
				CDAC78AC1D33228600AD510B /* Debug */,
				CDAC78AD1D33228600AD510B /* Release */,
			);
			defaultConfigurationIsVisible = 0;
		};
/* End XCConfigurationList section */
	};
	rootObject = CDAC789C1D33228400AD510B /* Project object */;
}
